
Microsoft Visual Studio Solution File, Format Version 12.00
# Visual Studio Version 18
VisualStudioVersion = 18.1.11312.151
MinimumVisualStudioVersion = 10.0.40219.1
Project("{FAE04EC0-301F-11D3-BF4B-00C04F79EFBC}") = "ELMS.API", "ELMS.API.csproj", "{4D85D6D2-2B41-402C-94B0-E7651FF00A14}"
EndProject
Project("{FAE04EC0-301F-11D3-BF4B-00C04F79EFBC}") = "ELMS.Application", "..\ELMS.Application\ELMS.Application.csproj", "{FFD7EE92-27BD-4BD5-AC47-AB7A5936F8F0}"
EndProject
Project("{2150E333-8FDC-42A3-9474-1A3956D46DE8}") = "API", "API", "{FC099D6F-C19A-40EB-80B6-C28FDD9C011C}"
EndProject
Project("{2150E333-8FDC-42A3-9474-1A3956D46DE8}") = "Authentication", "Authentication", "{0DDAA586-5719-46C9-AF78-B4DD34F3B9C4}"
EndProject
Project("{2150E333-8FDC-42A3-9474-1A3956D46DE8}") = "Core", "Core", "{23578CEE-AD6D-48CE-902F-D429EEBE6787}"
EndProject
Project("{2150E333-8FDC-42A3-9474-1A3956D46DE8}") = "Infrastructure", "Infrastructure", "{3FB6345A-703A-4522-BF1B-23A60CC1DF0A}"
EndProject
Project("{FAE04EC0-301F-11D3-BF4B-00C04F79EFBC}") = "ELMS.Domain", "..\ELMS.Domain\ELMS.Domain.csproj", "{C74882D3-5ED8-48DB-987B-15C233A4215A}"
EndProject
Project("{FAE04EC0-301F-11D3-BF4B-00C04F79EFBC}") = "ELMS.Persistance", "..\ELMS.Persistance\ELMS.Persistance.csproj", "{255CD151-50F6-4C4C-9C72-D7048FD31957}"
EndProject
Project("{FAE04EC0-301F-11D3-BF4B-00C04F79EFBC}") = "ELMS.Authentication.JWT", "..\ELMS.Authentication.JWT\ELMS.Authentication.JWT.csproj", "{E64A211C-F71C-48C5-B105-865ADBADB0D7}"
EndProject
Global
	GlobalSection(SolutionConfigurationPlatforms) = preSolution
		Debug|Any CPU = Debug|Any CPU
		Release|Any CPU = Release|Any CPU
	EndGlobalSection
	GlobalSection(ProjectConfigurationPlatforms) = postSolution
		{4D85D6D2-2B41-402C-94B0-E7651FF00A14}.Debug|Any CPU.ActiveCfg = Debug|Any CPU
		{4D85D6D2-2B41-402C-94B0-E7651FF00A14}.Debug|Any CPU.Build.0 = Debug|Any CPU
		{4D85D6D2-2B41-402C-94B0-E7651FF00A14}.Release|Any CPU.ActiveCfg = Release|Any CPU
		{4D85D6D2-2B41-402C-94B0-E7651FF00A14}.Release|Any CPU.Build.0 = Release|Any CPU
		{FFD7EE92-27BD-4BD5-AC47-AB7A5936F8F0}.Debug|Any CPU.ActiveCfg = Debug|Any CPU
		{FFD7EE92-27BD-4BD5-AC47-AB7A5936F8F0}.Debug|Any CPU.Build.0 = Debug|Any CPU
		{FFD7EE92-27BD-4BD5-AC47-AB7A5936F8F0}.Release|Any CPU.ActiveCfg = Release|Any CPU
		{FFD7EE92-27BD-4BD5-AC47-AB7A5936F8F0}.Release|Any CPU.Build.0 = Release|Any CPU
		{C74882D3-5ED8-48DB-987B-15C233A4215A}.Debug|Any CPU.ActiveCfg = Debug|Any CPU
		{C74882D3-5ED8-48DB-987B-15C233A4215A}.Debug|Any CPU.Build.0 = Debug|Any CPU
		{C74882D3-5ED8-48DB-987B-15C233A4215A}.Release|Any CPU.ActiveCfg = Release|Any CPU
		{C74882D3-5ED8-48DB-987B-15C233A4215A}.Release|Any CPU.Build.0 = Release|Any CPU
		{255CD151-50F6-4C4C-9C72-D7048FD31957}.Debug|Any CPU.ActiveCfg = Debug|Any CPU
		{255CD151-50F6-4C4C-9C72-D7048FD31957}.Debug|Any CPU.Build.0 = Debug|Any CPU
		{255CD151-50F6-4C4C-9C72-D7048FD31957}.Release|Any CPU.ActiveCfg = Release|Any CPU
		{255CD151-50F6-4C4C-9C72-D7048FD31957}.Release|Any CPU.Build.0 = Release|Any CPU
		{E64A211C-F71C-48C5-B105-865ADBADB0D7}.Debug|Any CPU.ActiveCfg = Debug|Any CPU
		{E64A211C-F71C-48C5-B105-865ADBADB0D7}.Debug|Any CPU.Build.0 = Debug|Any CPU
		{E64A211C-F71C-48C5-B105-865ADBADB0D7}.Release|Any CPU.ActiveCfg = Release|Any CPU
		{E64A211C-F71C-48C5-B105-865ADBADB0D7}.Release|Any CPU.Build.0 = Release|Any CPU
	EndGlobalSection
	GlobalSection(SolutionProperties) = preSolution
		HideSolutionNode = FALSE
	EndGlobalSection
	GlobalSection(NestedProjects) = preSolution
		{4D85D6D2-2B41-402C-94B0-E7651FF00A14} = {FC099D6F-C19A-40EB-80B6-C28FDD9C011C}
		{FFD7EE92-27BD-4BD5-AC47-AB7A5936F8F0} = {23578CEE-AD6D-48CE-902F-D429EEBE6787}
		{C74882D3-5ED8-48DB-987B-15C233A4215A} = {23578CEE-AD6D-48CE-902F-D429EEBE6787}
		{255CD151-50F6-4C4C-9C72-D7048FD31957} = {3FB6345A-703A-4522-BF1B-23A60CC1DF0A}
		{E64A211C-F71C-48C5-B105-865ADBADB0D7} = {0DDAA586-5719-46C9-AF78-B4DD34F3B9C4}
	EndGlobalSection
	GlobalSection(ExtensibilityGlobals) = postSolution
		SolutionGuid = {43DF2609-7265-43EE-93AB-5F68F9766A99}
	EndGlobalSection
EndGlobal
